
Microsoft Visual Studio Solution File, Format Version 12.00
# Visual Studio Version 16
VisualStudioVersion = 16.0.31624.102
MinimumVisualStudioVersion = 10.0.40219.1
Project("{FAE04EC0-301F-11D3-BF4B-00C04F79EFBC}") = "SOLID", "SOLID\SOLID.csproj", "{B5512A97-DFAD-4CF6-AC5A-B1D4AE78CAB6}"
EndProject
Project("{FAE04EC0-301F-11D3-BF4B-00C04F79EFBC}") = "SingleResponsibility", "SingleResponsibility\SingleResponsibility.csproj", "{C45A7888-54CB-444B-88E4-39CCDC2390D5}"
EndProject
Global
	GlobalSection(SolutionConfigurationPlatforms) = preSolution
		Debug|Any CPU = Debug|Any CPU
		Release|Any CPU = Release|Any CPU
	EndGlobalSection
	GlobalSection(ProjectConfigurationPlatforms) = postSolution
		{B5512A97-DFAD-4CF6-AC5A-B1D4AE78CAB6}.Debug|Any CPU.ActiveCfg = Debug|Any CPU
		{B5512A97-DFAD-4CF6-AC5A-B1D4AE78CAB6}.Debug|Any CPU.Build.0 = Debug|Any CPU
		{B5512A97-DFAD-4CF6-AC5A-B1D4AE78CAB6}.Release|Any CPU.ActiveCfg = Release|Any CPU
		{B5512A97-DFAD-4CF6-AC5A-B1D4AE78CAB6}.Release|Any CPU.Build.0 = Release|Any CPU
		{C45A7888-54CB-444B-88E4-39CCDC2390D5}.Debug|Any CPU.ActiveCfg = Debug|Any CPU
		{C45A7888-54CB-444B-88E4-39CCDC2390D5}.Debug|Any CPU.Build.0 = Debug|Any CPU
		{C45A7888-54CB-444B-88E4-39CCDC2390D5}.Release|Any CPU.ActiveCfg = Release|Any CPU
		{C45A7888-54CB-444B-88E4-39CCDC2390D5}.Release|Any CPU.Build.0 = Release|Any CPU
	EndGlobalSection
	GlobalSection(SolutionProperties) = preSolution
		HideSolutionNode = FALSE
	EndGlobalSection
	GlobalSection(ExtensibilityGlobals) = postSolution
		SolutionGuid = {0F53130E-325A-4DC1-ADDB-4403D3CE4BA3}
	EndGlobalSection
EndGlobal
